
Microsoft Visual Studio Solution File, Format Version 12.00
# Visual Studio Version 17
VisualStudioVersion = 17.7.34031.279
MinimumVisualStudioVersion = 10.0.40219.1
Project("{FAE04EC0-301F-11D3-BF4B-00C04F79EFBC}") = "Graphical Hangman", "Graphical Hangman\Graphical Hangman.csproj", "{64801431-431E-495A-87BD-624737DE905F}"
EndProject
Global
	GlobalSection(SolutionConfigurationPlatforms) = preSolution
		Debug|Any CPU = Debug|Any CPU
		Release|Any CPU = Release|Any CPU
	EndGlobalSection
	GlobalSection(ProjectConfigurationPlatforms) = postSolution
		{64801431-431E-495A-87BD-624737DE905F}.Debug|Any CPU.ActiveCfg = Debug|Any CPU
		{64801431-431E-495A-87BD-624737DE905F}.Debug|Any CPU.Build.0 = Debug|Any CPU
		{64801431-431E-495A-87BD-624737DE905F}.Release|Any CPU.ActiveCfg = Release|Any CPU
		{64801431-431E-495A-87BD-624737DE905F}.Release|Any CPU.Build.0 = Release|Any CPU
	EndGlobalSection
	GlobalSection(SolutionProperties) = preSolution
		HideSolutionNode = FALSE
	EndGlobalSection
	GlobalSection(ExtensibilityGlobals) = postSolution
		SolutionGuid = {716ADA8C-B5F7-4C38-9070-9DC03FC2FAF2}
	EndGlobalSection
EndGlobal
